
Microsoft Visual Studio Solution File, Format Version 12.00
# Visual Studio Version 17
VisualStudioVersion = 17.1.32127.271
MinimumVisualStudioVersion = 10.0.40219.1
Project("{FAE04EC0-301F-11D3-BF4B-00C04F79EFBC}") = "Calculator", "Calculator.csproj", "{23628AED-1340-48D9-9EDB-D8D0BDEDA01A}"
EndProject
Global
	GlobalSection(SolutionConfigurationPlatforms) = preSolution
		Debug|Any CPU = Debug|Any CPU
		Release|Any CPU = Release|Any CPU
	EndGlobalSection
	GlobalSection(ProjectConfigurationPlatforms) = postSolution
		{23628AED-1340-48D9-9EDB-D8D0BDEDA01A}.Debug|Any CPU.ActiveCfg = Debug|Any CPU
		{23628AED-1340-48D9-9EDB-D8D0BDEDA01A}.Debug|Any CPU.Build.0 = Debug|Any CPU
		{23628AED-1340-48D9-9EDB-D8D0BDEDA01A}.Release|Any CPU.ActiveCfg = Release|Any CPU
		{23628AED-1340-48D9-9EDB-D8D0BDEDA01A}.Release|Any CPU.Build.0 = Release|Any CPU
	EndGlobalSection
	GlobalSection(SolutionProperties) = preSolution
		HideSolutionNode = FALSE
	EndGlobalSection
	GlobalSection(ExtensibilityGlobals) = postSolution
		SolutionGuid = {1341156E-42D3-4610-AD56-5B3AA55BD046}
	EndGlobalSection
EndGlobal
